// !$*UTF8*$!
{
	archiveVersion = 1;
	classes = {
	};
	objectVersion = 46;
	objects = {

/* Begin PBXBuildFile section */
		0409D7181FA1CE9300F996AC /* myTableViewController.m in Sources */ = {isa = PBXBuildFile; fileRef = 0409D7171FA1CE9300F996AC /* myTableViewController.m */; };
		0463F02F1FAC63ED0033CA40 /* TestViewController.m in Sources */ = {isa = PBXBuildFile; fileRef = 0463F02D1FAC63ED0033CA40 /* TestViewController.m */; };
		0463F0301FAC63ED0033CA40 /* TestViewController.xib in Resources */ = {isa = PBXBuildFile; fileRef = 0463F02E1FAC63ED0033CA40 /* TestViewController.xib */; };
		04773EAE1F7F903900474B7F /* SkinTool.m in Sources */ = {isa = PBXBuildFile; fileRef = 04773EAD1F7F903900474B7F /* SkinTool.m */; };
		04773EB31F7F90FC00474B7F /* Foundation+Tool.m in Sources */ = {isa = PBXBuildFile; fileRef = 04773EB21F7F90FC00474B7F /* Foundation+Tool.m */; };
		04773EB61F7F910600474B7F /* Button_Block.m in Sources */ = {isa = PBXBuildFile; fileRef = 04773EB51F7F910600474B7F /* Button_Block.m */; };
		04773EDD1F7F917E00474B7F /* skin in Resources */ = {isa = PBXBuildFile; fileRef = 04773EDC1F7F917E00474B7F /* skin */; };
		04773EE01F7F91DA00474B7F /* ChangeThemeViewController.m in Sources */ = {isa = PBXBuildFile; fileRef = 04773EDF1F7F91DA00474B7F /* ChangeThemeViewController.m */; };
		04773EE31F7F91FA00474B7F /* ChangeThemeTwoViewController.m in Sources */ = {isa = PBXBuildFile; fileRef = 04773EE21F7F91FA00474B7F /* ChangeThemeTwoViewController.m */; };
		04AA6FB41F6A2FB3007204A2 /* main.m in Sources */ = {isa = PBXBuildFile; fileRef = 04AA6FB31F6A2FB3007204A2 /* main.m */; };
		04AA6FB71F6A2FB3007204A2 /* AppDelegate.m in Sources */ = {isa = PBXBuildFile; fileRef = 04AA6FB61F6A2FB3007204A2 /* AppDelegate.m */; };
		04AA6FBA1F6A2FB3007204A2 /* ViewController.m in Sources */ = {isa = PBXBuildFile; fileRef = 04AA6FB91F6A2FB3007204A2 /* ViewController.m */; };
		04AA6FBD1F6A2FB3007204A2 /* Main.storyboard in Resources */ = {isa = PBXBuildFile; fileRef = 04AA6FBB1F6A2FB3007204A2 /* Main.storyboard */; };
		04AA6FBF1F6A2FB3007204A2 /* Assets.xcassets in Resources */ = {isa = PBXBuildFile; fileRef = 04AA6FBE1F6A2FB3007204A2 /* Assets.xcassets */; };
		04AA6FC21F6A2FB3007204A2 /* LaunchScreen.storyboard in Resources */ = {isa = PBXBuildFile; fileRef = 04AA6FC01F6A2FB3007204A2 /* LaunchScreen.storyboard */; };
		FCFD7F779F941D860FBC0B1F /* libPods-Category.a in Frameworks */ = {isa = PBXBuildFile; fileRef = 759CC66D596D95C1A06C05D2 /* libPods-Category.a */; };
/* End PBXBuildFile section */

/* Begin PBXFileReference section */
		0409D7161FA1CE9300F996AC /* myTableViewController.h */ = {isa = PBXFileReference; lastKnownFileType = sourcecode.c.h; path = myTableViewController.h; sourceTree = "<group>"; };
		0409D7171FA1CE9300F996AC /* myTableViewController.m */ = {isa = PBXFileReference; lastKnownFileType = sourcecode.c.objc; path = myTableViewController.m; sourceTree = "<group>"; };
		045C348D1F70B22B00477718 /* PrefixHeader.pch */ = {isa = PBXFileReference; fileEncoding = 4; lastKnownFileType = sourcecode.c.h; path = PrefixHeader.pch; sourceTree = "<group>"; };
		0463F02C1FAC63ED0033CA40 /* TestViewController.h */ = {isa = PBXFileReference; lastKnownFileType = sourcecode.c.h; path = TestViewController.h; sourceTree = "<group>"; };
		0463F02D1FAC63ED0033CA40 /* TestViewController.m */ = {isa = PBXFileReference; lastKnownFileType = sourcecode.c.objc; path = TestViewController.m; sourceTree = "<group>"; };
		0463F02E1FAC63ED0033CA40 /* TestViewController.xib */ = {isa = PBXFileReference; lastKnownFileType = file.xib; path = TestViewController.xib; sourceTree = "<group>"; };
		04773EA11F7F77FA00474B7F /* singleton.h */ = {isa = PBXFileReference; fileEncoding = 4; lastKnownFileType = sourcecode.c.h; path = singleton.h; sourceTree = "<group>"; };
		04773EAC1F7F903900474B7F /* SkinTool.h */ = {isa = PBXFileReference; fileEncoding = 4; lastKnownFileType = sourcecode.c.h; path = SkinTool.h; sourceTree = "<group>"; };
		04773EAD1F7F903900474B7F /* SkinTool.m */ = {isa = PBXFileReference; fileEncoding = 4; lastKnownFileType = sourcecode.c.objc; path = SkinTool.m; sourceTree = "<group>"; };
		04773EB11F7F90FC00474B7F /* Foundation+Tool.h */ = {isa = PBXFileReference; fileEncoding = 4; lastKnownFileType = sourcecode.c.h; path = "Foundation+Tool.h"; sourceTree = "<group>"; };
		04773EB21F7F90FC00474B7F /* Foundation+Tool.m */ = {isa = PBXFileReference; fileEncoding = 4; lastKnownFileType = sourcecode.c.objc; path = "Foundation+Tool.m"; sourceTree = "<group>"; };
		04773EB41F7F910600474B7F /* Button_Block.h */ = {isa = PBXFileReference; fileEncoding = 4; lastKnownFileType = sourcecode.c.h; path = Button_Block.h; sourceTree = "<group>"; };
		04773EB51F7F910600474B7F /* Button_Block.m */ = {isa = PBXFileReference; fileEncoding = 4; lastKnownFileType = sourcecode.c.objc; path = Button_Block.m; sourceTree = "<group>"; };
		04773EDC1F7F917E00474B7F /* skin */ = {isa = PBXFileReference; lastKnownFileType = folder; path = skin; sourceTree = "<group>"; };
		04773EDE1F7F91DA00474B7F /* ChangeThemeViewController.h */ = {isa = PBXFileReference; fileEncoding = 4; lastKnownFileType = sourcecode.c.h; path = ChangeThemeViewController.h; sourceTree = "<group>"; };
		04773EDF1F7F91DA00474B7F /* ChangeThemeViewController.m */ = {isa = PBXFileReference; fileEncoding = 4; lastKnownFileType = sourcecode.c.objc; path = ChangeThemeViewController.m; sourceTree = "<group>"; };
		04773EE11F7F91FA00474B7F /* ChangeThemeTwoViewController.h */ = {isa = PBXFileReference; fileEncoding = 4; lastKnownFileType = sourcecode.c.h; path = ChangeThemeTwoViewController.h; sourceTree = "<group>"; };
		04773EE21F7F91FA00474B7F /* ChangeThemeTwoViewController.m */ = {isa = PBXFileReference; fileEncoding = 4; lastKnownFileType = sourcecode.c.objc; path = ChangeThemeTwoViewController.m; sourceTree = "<group>"; };
		04AA6FAF1F6A2FB3007204A2 /* Category.app */ = {isa = PBXFileReference; explicitFileType = wrapper.application; includeInIndex = 0; path = Category.app; sourceTree = BUILT_PRODUCTS_DIR; };
		04AA6FB31F6A2FB3007204A2 /* main.m */ = {isa = PBXFileReference; lastKnownFileType = sourcecode.c.objc; path = main.m; sourceTree = "<group>"; };
		04AA6FB51F6A2FB3007204A2 /* AppDelegate.h */ = {isa = PBXFileReference; lastKnownFileType = sourcecode.c.h; path = AppDelegate.h; sourceTree = "<group>"; };
		04AA6FB61F6A2FB3007204A2 /* AppDelegate.m */ = {isa = PBXFileReference; lastKnownFileType = sourcecode.c.objc; path = AppDelegate.m; sourceTree = "<group>"; };
		04AA6FB81F6A2FB3007204A2 /* ViewController.h */ = {isa = PBXFileReference; lastKnownFileType = sourcecode.c.h; path = ViewController.h; sourceTree = "<group>"; };
		04AA6FB91F6A2FB3007204A2 /* ViewController.m */ = {isa = PBXFileReference; lastKnownFileType = sourcecode.c.objc; path = ViewController.m; sourceTree = "<group>"; };
		04AA6FBC1F6A2FB3007204A2 /* Base */ = {isa = PBXFileReference; lastKnownFileType = file.storyboard; name = Base; path = Base.lproj/Main.storyboard; sourceTree = "<group>"; };
		04AA6FBE1F6A2FB3007204A2 /* Assets.xcassets */ = {isa = PBXFileReference; lastKnownFileType = folder.assetcatalog; path = Assets.xcassets; sourceTree = "<group>"; };
		04AA6FC11F6A2FB3007204A2 /* Base */ = {isa = PBXFileReference; lastKnownFileType = file.storyboard; name = Base; path = Base.lproj/LaunchScreen.storyboard; sourceTree = "<group>"; };
		04AA6FC31F6A2FB3007204A2 /* Info.plist */ = {isa = PBXFileReference; lastKnownFileType = text.plist.xml; path = Info.plist; sourceTree = "<group>"; };
		16A434D0D1D602CFA8419809 /* Pods-Category.release.xcconfig */ = {isa = PBXFileReference; includeInIndex = 1; lastKnownFileType = text.xcconfig; name = "Pods-Category.release.xcconfig"; path = "Pods/Target Support Files/Pods-Category/Pods-Category.release.xcconfig"; sourceTree = "<group>"; };
		759CC66D596D95C1A06C05D2 /* libPods-Category.a */ = {isa = PBXFileReference; explicitFileType = archive.ar; includeInIndex = 0; path = "libPods-Category.a"; sourceTree = BUILT_PRODUCTS_DIR; };
		87D85DB3368FABF8CBE2BB5B /* Pods-Category.debug.xcconfig */ = {isa = PBXFileReference; includeInIndex = 1; lastKnownFileType = text.xcconfig; name = "Pods-Category.debug.xcconfig"; path = "Pods/Target Support Files/Pods-Category/Pods-Category.debug.xcconfig"; sourceTree = "<group>"; };
/* End PBXFileReference section */

/* Begin PBXFrameworksBuildPhase section */
		04AA6FAC1F6A2FB3007204A2 /* Frameworks */ = {
			isa = PBXFrameworksBuildPhase;
			buildActionMask = 2147483647;
			files = (
				FCFD7F779F941D860FBC0B1F /* libPods-Category.a in Frameworks */,
			);
			runOnlyForDeploymentPostprocessing = 0;
		};
/* End PBXFrameworksBuildPhase section */

/* Begin PBXGroup section */
		0409D7151FA1CE7200F996AC /* tableView */ = {
			isa = PBXGroup;
			children = (
				0409D7161FA1CE9300F996AC /* myTableViewController.h */,
				0409D7171FA1CE9300F996AC /* myTableViewController.m */,
				0463F02C1FAC63ED0033CA40 /* TestViewController.h */,
				0463F02D1FAC63ED0033CA40 /* TestViewController.m */,
				0463F02E1FAC63ED0033CA40 /* TestViewController.xib */,
			);
			path = tableView;
			sourceTree = "<group>";
		};
		04773EAB1F7F8FEA00474B7F /* 换肤 */ = {
			isa = PBXGroup;
			children = (
				04773EDC1F7F917E00474B7F /* skin */,
				04773EAC1F7F903900474B7F /* SkinTool.h */,
				04773EAD1F7F903900474B7F /* SkinTool.m */,
				04773EDE1F7F91DA00474B7F /* ChangeThemeViewController.h */,
				04773EDF1F7F91DA00474B7F /* ChangeThemeViewController.m */,
				04773EE11F7F91FA00474B7F /* ChangeThemeTwoViewController.h */,
				04773EE21F7F91FA00474B7F /* ChangeThemeTwoViewController.m */,
			);
			path = "换肤";
			sourceTree = "<group>";
		};
		04773EAF1F7F90CC00474B7F /* 所有的Category */ = {
			isa = PBXGroup;
			children = (
				04773EB11F7F90FC00474B7F /* Foundation+Tool.h */,
				04773EB21F7F90FC00474B7F /* Foundation+Tool.m */,
			);
			path = "所有的Category";
			sourceTree = "<group>";
		};
		04773EB01F7F90CC00474B7F /* 自定义按钮(Block方式) */ = {
			isa = PBXGroup;
			children = (
				04773EB41F7F910600474B7F /* Button_Block.h */,
				04773EB51F7F910600474B7F /* Button_Block.m */,
			);
			path = "自定义按钮(Block方式)";
			sourceTree = "<group>";
		};
		04AA6FA61F6A2FB3007204A2 = {
			isa = PBXGroup;
			children = (
				04AA6FB11F6A2FB3007204A2 /* Category */,
				04AA6FB01F6A2FB3007204A2 /* Products */,
				58E9AA8440C35D55A4B0E8B2 /* Pods */,
				B7809518E930558C5EA1031D /* Frameworks */,
			);
			sourceTree = "<group>";
		};
		04AA6FB01F6A2FB3007204A2 /* Products */ = {
			isa = PBXGroup;
			children = (
				04AA6FAF1F6A2FB3007204A2 /* Category.app */,
			);
			name = Products;
			sourceTree = "<group>";
		};
		04AA6FB11F6A2FB3007204A2 /* Category */ = {
			isa = PBXGroup;
			children = (
				04AA6FB51F6A2FB3007204A2 /* AppDelegate.h */,
				04AA6FB61F6A2FB3007204A2 /* AppDelegate.m */,
				04AA6FB81F6A2FB3007204A2 /* ViewController.h */,
				04AA6FB91F6A2FB3007204A2 /* ViewController.m */,
				04AA6FBB1F6A2FB3007204A2 /* Main.storyboard */,
				04AA6FBE1F6A2FB3007204A2 /* Assets.xcassets */,
				04AA6FC01F6A2FB3007204A2 /* LaunchScreen.storyboard */,
				04AA6FC31F6A2FB3007204A2 /* Info.plist */,
				04AA6FB21F6A2FB3007204A2 /* Supporting Files */,
			);
			path = Category;
			sourceTree = "<group>";
		};
		04AA6FB21F6A2FB3007204A2 /* Supporting Files */ = {
			isa = PBXGroup;
			children = (
				0409D7151FA1CE7200F996AC /* tableView */,
				04773EAF1F7F90CC00474B7F /* 所有的Category */,
				04773EB01F7F90CC00474B7F /* 自定义按钮(Block方式) */,
				04773EAB1F7F8FEA00474B7F /* 换肤 */,
				04773EA11F7F77FA00474B7F /* singleton.h */,
				04AA6FB31F6A2FB3007204A2 /* main.m */,
				045C348D1F70B22B00477718 /* PrefixHeader.pch */,
			);
			name = "Supporting Files";
			sourceTree = "<group>";
		};
		58E9AA8440C35D55A4B0E8B2 /* Pods */ = {
			isa = PBXGroup;
			children = (
				87D85DB3368FABF8CBE2BB5B /* Pods-Category.debug.xcconfig */,
				16A434D0D1D602CFA8419809 /* Pods-Category.release.xcconfig */,
			);
			name = Pods;
			sourceTree = "<group>";
		};
		B7809518E930558C5EA1031D /* Frameworks */ = {
			isa = PBXGroup;
			children = (
				759CC66D596D95C1A06C05D2 /* libPods-Category.a */,
			);
			name = Frameworks;
			sourceTree = "<group>";
		};
/* End PBXGroup section */

/* Begin PBXNativeTarget section */
		04AA6FAE1F6A2FB3007204A2 /* Category */ = {
			isa = PBXNativeTarget;
			buildConfigurationList = 04AA6FC61F6A2FB3007204A2 /* Build configuration list for PBXNativeTarget "Category" */;
			buildPhases = (
				29006E39C95B0AB3176EFF72 /* [CP] Check Pods Manifest.lock */,
				04AA6FAB1F6A2FB3007204A2 /* Sources */,
				04AA6FAC1F6A2FB3007204A2 /* Frameworks */,
				04AA6FAD1F6A2FB3007204A2 /* Resources */,
				78197C48EA688F14FFA6C88D /* [CP] Embed Pods Frameworks */,
				64EC9B7490E16F40EA6B1DA6 /* [CP] Copy Pods Resources */,
			);
			buildRules = (
			);
			dependencies = (
			);
			name = Category;
			productName = Category;
			productReference = 04AA6FAF1F6A2FB3007204A2 /* Category.app */;
			productType = "com.apple.product-type.application";
		};
/* End PBXNativeTarget section */

/* Begin PBXProject section */
		04AA6FA71F6A2FB3007204A2 /* Project object */ = {
			isa = PBXProject;
			attributes = {
				LastUpgradeCheck = 0830;
				ORGANIZATIONNAME = gaoshan;
				TargetAttributes = {
					04AA6FAE1F6A2FB3007204A2 = {
						CreatedOnToolsVersion = 8.3.3;
						DevelopmentTeam = KZP3GQWEF4;
						ProvisioningStyle = Manual;
					};
				};
			};
			buildConfigurationList = 04AA6FAA1F6A2FB3007204A2 /* Build configuration list for PBXProject "Category" */;
			compatibilityVersion = "Xcode 3.2";
			developmentRegion = English;
			hasScannedForEncodings = 0;
			knownRegions = (
				en,
				Base,
			);
			mainGroup = 04AA6FA61F6A2FB3007204A2;
			productRefGroup = 04AA6FB01F6A2FB3007204A2 /* Products */;
			projectDirPath = "";
			projectRoot = "";
			targets = (
				04AA6FAE1F6A2FB3007204A2 /* Category */,
			);
		};
/* End PBXProject section */

/* Begin PBXResourcesBuildPhase section */
		04AA6FAD1F6A2FB3007204A2 /* Resources */ = {
			isa = PBXResourcesBuildPhase;
			buildActionMask = 2147483647;
			files = (
				04AA6FC21F6A2FB3007204A2 /* LaunchScreen.storyboard in Resources */,
				0463F0301FAC63ED0033CA40 /* TestViewController.xib in Resources */,
				04773EDD1F7F917E00474B7F /* skin in Resources */,
				04AA6FBF1F6A2FB3007204A2 /* Assets.xcassets in Resources */,
				04AA6FBD1F6A2FB3007204A2 /* Main.storyboard in Resources */,
			);
			runOnlyForDeploymentPostprocessing = 0;
		};
/* End PBXResourcesBuildPhase section */

/* Begin PBXShellScriptBuildPhase section */
		29006E39C95B0AB3176EFF72 /* [CP] Check Pods Manifest.lock */ = {
			isa = PBXShellScriptBuildPhase;
			buildActionMask = 2147483647;
			files = (
			);
			inputPaths = (
				"${PODS_PODFILE_DIR_PATH}/Podfile.lock",
				"${PODS_ROOT}/Manifest.lock",
			);
			name = "[CP] Check Pods Manifest.lock";
			outputPaths = (
				"$(DERIVED_FILE_DIR)/Pods-Category-checkManifestLockResult.txt",
			);
			runOnlyForDeploymentPostprocessing = 0;
			shellPath = /bin/sh;
			shellScript = "diff \"${PODS_PODFILE_DIR_PATH}/Podfile.lock\" \"${PODS_ROOT}/Manifest.lock\" > /dev/null\nif [ $? != 0 ] ; then\n    # print error to STDERR\n    echo \"error: The sandbox is not in sync with the Podfile.lock. Run 'pod install' or update your CocoaPods installation.\" >&2\n    exit 1\nfi\n# This output is used by Xcode 'outputs' to avoid re-running this script phase.\necho \"SUCCESS\" > \"${SCRIPT_OUTPUT_FILE_0}\"\n";
			showEnvVarsInLog = 0;
		};
		64EC9B7490E16F40EA6B1DA6 /* [CP] Copy Pods Resources */ = {
			isa = PBXShellScriptBuildPhase;
			buildActionMask = 2147483647;
			files = (
			);
			inputPaths = (
			);
			name = "[CP] Copy Pods Resources";
			outputPaths = (
			);
			runOnlyForDeploymentPostprocessing = 0;
			shellPath = /bin/sh;
			shellScript = "\"${SRCROOT}/Pods/Target Support Files/Pods-Category/Pods-Category-resources.sh\"\n";
			showEnvVarsInLog = 0;
		};
		78197C48EA688F14FFA6C88D /* [CP] Embed Pods Frameworks */ = {
			isa = PBXShellScriptBuildPhase;
			buildActionMask = 2147483647;
			files = (
			);
			inputPaths = (
			);
			name = "[CP] Embed Pods Frameworks";
			outputPaths = (
			);
			runOnlyForDeploymentPostprocessing = 0;
			shellPath = /bin/sh;
			shellScript = "\"${SRCROOT}/Pods/Target Support Files/Pods-Category/Pods-Category-frameworks.sh\"\n";
			showEnvVarsInLog = 0;
		};
/* End PBXShellScriptBuildPhase section */

/* Begin PBXSourcesBuildPhase section */
		04AA6FAB1F6A2FB3007204A2 /* Sources */ = {
			isa = PBXSourcesBuildPhase;
			buildActionMask = 2147483647;
			files = (
				04773EB31F7F90FC00474B7F /* Foundation+Tool.m in Sources */,
				04773EB61F7F910600474B7F /* Button_Block.m in Sources */,
				04AA6FBA1F6A2FB3007204A2 /* ViewController.m in Sources */,
				04773EE31F7F91FA00474B7F /* ChangeThemeTwoViewController.m in Sources */,
				0463F02F1FAC63ED0033CA40 /* TestViewController.m in Sources */,
				04773EAE1F7F903900474B7F /* SkinTool.m in Sources */,
				04AA6FB71F6A2FB3007204A2 /* AppDelegate.m in Sources */,
				04773EE01F7F91DA00474B7F /* ChangeThemeViewController.m in Sources */,
				04AA6FB41F6A2FB3007204A2 /* main.m in Sources */,
				0409D7181FA1CE9300F996AC /* myTableViewController.m in Sources */,
			);
			runOnlyForDeploymentPostprocessing = 0;
		};
/* End PBXSourcesBuildPhase section */

/* Begin PBXVariantGroup section */
		04AA6FBB1F6A2FB3007204A2 /* Main.storyboard */ = {
			isa = PBXVariantGroup;
			children = (
				04AA6FBC1F6A2FB3007204A2 /* Base */,
			);
			name = Main.storyboard;
			sourceTree = "<group>";
		};
		04AA6FC01F6A2FB3007204A2 /* LaunchScreen.storyboard */ = {
			isa = PBXVariantGroup;
			children = (
				04AA6FC11F6A2FB3007204A2 /* Base */,
			);
			name = LaunchScreen.storyboard;
			sourceTree = "<group>";
		};
/* End PBXVariantGroup section */

/* Begin XCBuildConfiguration section */
		04AA6FC41F6A2FB3007204A2 /* Debug */ = {
			isa = XCBuildConfiguration;
			buildSettings = {
				ALWAYS_SEARCH_USER_PATHS = NO;
				CLANG_ANALYZER_NONNULL = YES;
				CLANG_ANALYZER_NUMBER_OBJECT_CONVERSION = YES_AGGRESSIVE;
				CLANG_CXX_LANGUAGE_STANDARD = "gnu++0x";
				CLANG_CXX_LIBRARY = "libc++";
				CLANG_ENABLE_MODULES = YES;
				CLANG_ENABLE_OBJC_ARC = YES;
				CLANG_WARN_BOOL_CONVERSION = YES;
				CLANG_WARN_CONSTANT_CONVERSION = YES;
				CLANG_WARN_DIRECT_OBJC_ISA_USAGE = YES_ERROR;
				CLANG_WARN_DOCUMENTATION_COMMENTS = YES;
				CLANG_WARN_EMPTY_BODY = YES;
				CLANG_WARN_ENUM_CONVERSION = YES;
				CLANG_WARN_INFINITE_RECURSION = YES;
				CLANG_WARN_INT_CONVERSION = YES;
				CLANG_WARN_NON_LITERAL_NULL_CONVERSION = YES;
				CLANG_WARN_OBJC_LITERAL_CONVERSION = YES;
				CLANG_WARN_OBJC_ROOT_CLASS = YES_ERROR;
				CLANG_WARN_RANGE_LOOP_ANALYSIS = YES;
				CLANG_WARN_STRICT_PROTOTYPES = YES;
				CLANG_WARN_SUSPICIOUS_MOVE = YES;
				CLANG_WARN_UNREACHABLE_CODE = YES;
				CLANG_WARN__DUPLICATE_METHOD_MATCH = YES;
				"CODE_SIGN_IDENTITY[sdk=iphoneos*]" = "iPhone Developer";
				COPY_PHASE_STRIP = NO;
				DEBUG_INFORMATION_FORMAT = dwarf;
				ENABLE_STRICT_OBJC_MSGSEND = YES;
				ENABLE_TESTABILITY = YES;
				GCC_C_LANGUAGE_STANDARD = gnu99;
				GCC_DYNAMIC_NO_PIC = NO;
				GCC_NO_COMMON_BLOCKS = YES;
				GCC_OPTIMIZATION_LEVEL = 0;
				GCC_PREPROCESSOR_DEFINITIONS = (
					"DEBUG=1",
					"$(inherited)",
				);
				GCC_WARN_64_TO_32_BIT_CONVERSION = YES;
				GCC_WARN_ABOUT_RETURN_TYPE = YES_ERROR;
				GCC_WARN_UNDECLARED_SELECTOR = YES;
				GCC_WARN_UNINITIALIZED_AUTOS = YES_AGGRESSIVE;
				GCC_WARN_UNUSED_FUNCTION = YES;
				GCC_WARN_UNUSED_VARIABLE = YES;
				IPHONEOS_DEPLOYMENT_TARGET = 10.3;
				MTL_ENABLE_DEBUG_INFO = YES;
				ONLY_ACTIVE_ARCH = YES;
				SDKROOT = iphoneos;
				TARGETED_DEVICE_FAMILY = "1,2";
			};
			name = Debug;
		};
		04AA6FC51F6A2FB3007204A2 /* Release */ = {
			isa = XCBuildConfiguration;
			buildSettings = {
				ALWAYS_SEARCH_USER_PATHS = NO;
				CLANG_ANALYZER_NONNULL = YES;
				CLANG_ANALYZER_NUMBER_OBJECT_CONVERSION = YES_AGGRESSIVE;
				CLANG_CXX_LANGUAGE_STANDARD = "gnu++0x";
				CLANG_CXX_LIBRARY = "libc++";
				CLANG_ENABLE_MODULES = YES;
				CLANG_ENABLE_OBJC_ARC = YES;
				CLANG_WARN_BLOCK_CAPTURE_AUTORELEASING = YES;
				CLANG_WARN_BOOL_CONVERSION = YES;
				CLANG_WARN_COMMA = YES;
				CLANG_WARN_CONSTANT_CONVERSION = YES;
				CLANG_WARN_DIRECT_OBJC_ISA_USAGE = YES_ERROR;
				CLANG_WARN_DOCUMENTATION_COMMENTS = YES;
				CLANG_WARN_EMPTY_BODY = YES;
				CLANG_WARN_ENUM_CONVERSION = YES;
				CLANG_WARN_INFINITE_RECURSION = YES;
				CLANG_WARN_INT_CONVERSION = YES;
				CLANG_WARN_NON_LITERAL_NULL_CONVERSION = YES;
				CLANG_WARN_OBJC_LITERAL_CONVERSION = YES;
				CLANG_WARN_OBJC_ROOT_CLASS = YES_ERROR;
				CLANG_WARN_RANGE_LOOP_ANALYSIS = YES;
				CLANG_WARN_STRICT_PROTOTYPES = YES;
				CLANG_WARN_SUSPICIOUS_MOVE = YES;
				CLANG_WARN_UNREACHABLE_CODE = YES;
				CLANG_WARN__DUPLICATE_METHOD_MATCH = YES;
				"CODE_SIGN_IDENTITY[sdk=iphoneos*]" = "iPhone Developer";
				COPY_PHASE_STRIP = NO;
				DEBUG_INFORMATION_FORMAT = "dwarf-with-dsym";
				ENABLE_NS_ASSERTIONS = NO;
				ENABLE_STRICT_OBJC_MSGSEND = YES;
				GCC_C_LANGUAGE_STANDARD = gnu99;
				GCC_NO_COMMON_BLOCKS = YES;
				GCC_WARN_64_TO_32_BIT_CONVERSION = YES;
				GCC_WARN_ABOUT_RETURN_TYPE = YES_ERROR;
				GCC_WARN_UNDECLARED_SELECTOR = YES;
				GCC_WARN_UNINITIALIZED_AUTOS = YES_AGGRESSIVE;
				GCC_WARN_UNUSED_FUNCTION = YES;
				GCC_WARN_UNUSED_VARIABLE = YES;
				IPHONEOS_DEPLOYMENT_TARGET = 10.3;
				MTL_ENABLE_DEBUG_INFO = NO;
				SDKROOT = iphoneos;
				TARGETED_DEVICE_FAMILY = "1,2";
				VALIDATE_PRODUCT = YES;
			};
			name = Release;
		};
		04AA6FC71F6A2FB3007204A2 /* Debug */ = {
			isa = XCBuildConfiguration;
			baseConfigurationReference = 87D85DB3368FABF8CBE2BB5B /* Pods-Category.debug.xcconfig */;
			buildSettings = {
				ASSETCATALOG_COMPILER_APPICON_NAME = AppIcon;
				CODE_SIGN_IDENTITY = "iPhone Developer: gaoshanxu@foxmail.com (5P2PY25Q2F)";
				DEVELOPMENT_TEAM = KZP3GQWEF4;
				GCC_PRECOMPILE_PREFIX_HEADER = YES;
				GCC_PREFIX_HEADER = Category/PrefixHeader.pch;
				INFOPLIST_FILE = Category/Info.plist;
				LD_RUNPATH_SEARCH_PATHS = "$(inherited) @executable_path/Frameworks";
				PRODUCT_BUNDLE_IDENTIFIER = com.feili.quanCai;
				PRODUCT_NAME = "$(TARGET_NAME)";
				PROVISIONING_PROFILE = "";
				PROVISIONING_PROFILE_SPECIFIER = "";
			};
			name = Debug;
		};
		04AA6FC81F6A2FB3007204A2 /* Release */ = {
			isa = XCBuildConfiguration;
			baseConfigurationReference = 16A434D0D1D602CFA8419809 /* Pods-Category.release.xcconfig */;
			buildSettings = {
				ASSETCATALOG_COMPILER_APPICON_NAME = AppIcon;
				CODE_SIGN_IDENTITY = "iPhone Developer: gaoshanxu@foxmail.com (5P2PY25Q2F)";
				DEVELOPMENT_TEAM = KZP3GQWEF4;
				GCC_PRECOMPILE_PREFIX_HEADER = YES;
				GCC_PREFIX_HEADER = Category/PrefixHeader.pch;
				INFOPLIST_FILE = Category/Info.plist;
				LD_RUNPATH_SEARCH_PATHS = "$(inherited) @executable_path/Frameworks";
				PRODUCT_BUNDLE_IDENTIFIER = com.feili.quanCai;
				PRODUCT_NAME = "$(TARGET_NAME)";
				PROVISIONING_PROFILE_SPECIFIER = "";
			};
			name = Release;
		};
/* End XCBuildConfiguration section */

/* Begin XCConfigurationList section */
		04AA6FAA1F6A2FB3007204A2 /* Build configuration list for PBXProject "Category" */ = {
			isa = XCConfigurationList;
			buildConfigurations = (
				04AA6FC41F6A2FB3007204A2 /* Debug */,
				04AA6FC51F6A2FB3007204A2 /* Release */,
			);
			defaultConfigurationIsVisible = 0;
			defaultConfigurationName = Release;
		};
		04AA6FC61F6A2FB3007204A2 /* Build configuration list for PBXNativeTarget "Category" */ = {
			isa = XCConfigurationList;
			buildConfigurations = (
				04AA6FC71F6A2FB3007204A2 /* Debug */,
				04AA6FC81F6A2FB3007204A2 /* Release */,
			);
			defaultConfigurationIsVisible = 0;
			defaultConfigurationName = Release;
		};
/* End XCConfigurationList section */
	};
	rootObject = 04AA6FA71F6A2FB3007204A2 /* Project object */;
}
